{
  "name": "webapp",
  "version": "1.0.0",
  "lockfileVersion": 1,
  "requires": true,
  "dependencies": {
    "bootstrap": {
      "version": "3.3.7",
      "resolved": "https://registry.npmjs.org/bootstrap/-/bootstrap-3.3.7.tgz",
      "integrity": "sha1-WjiTlFSfIzMIdaOxUGVldPip63E="
    },
    "bootstrap-fileinput": {
      "version": "4.4.7",
      "resolved": "https://registry.npmjs.org/bootstrap-fileinput/-/bootstrap-fileinput-4.4.7.tgz",
      "integrity": "sha1-6m339pGejed3q3kA/Qfu0IkxY+8=",
      "requires": {
        "bootstrap": "3.3.7",
        "jquery": "3.3.1"
      }
    },
    "jquery": {
      "version": "3.3.1",
      "resolved": "https://registry.npmjs.org/jquery/-/jquery-3.3.1.tgz",
      "integrity": "sha512-Ubldcmxp5np52/ENotGxlLe6aGMvmF4R8S6tZjsP6Knsaxd/xp3Zrh50cG93lR6nPXyUFwzN3ZSOQI0wRJNdGg=="
    },
    "jquery-weui": {
      "version": "1.2.0",
      "resolved": "https://registry.npmjs.org/jquery-weui/-/jquery-weui-1.2.0.tgz",
      "integrity": "sha1-NI4CtsCpRYT5SMCI9ixlwg0fdpA="
    }
  }
}
